
Microsoft Visual Studio Solution File, Format Version 12.00
# Visual Studio Version 17
VisualStudioVersion = 17.4.33205.214
MinimumVisualStudioVersion = 10.0.40219.1
Project("{9A19103F-16F7-4668-BE54-9A1E7A4F7556}") = "EasyLearn", "EasyLearn.csproj", "{18439878-A7FA-41ED-B045-ADFEEFCC21C7}"
EndProject
Global
	GlobalSection(SolutionConfigurationPlatforms) = preSolution
		Debug|Any CPU = Debug|Any CPU
		Release|Any CPU = Release|Any CPU
	EndGlobalSection
	GlobalSection(ProjectConfigurationPlatforms) = postSolution
		{18439878-A7FA-41ED-B045-ADFEEFCC21C7}.Debug|Any CPU.ActiveCfg = Debug|Any CPU
		{18439878-A7FA-41ED-B045-ADFEEFCC21C7}.Debug|Any CPU.Build.0 = Debug|Any CPU
		{18439878-A7FA-41ED-B045-ADFEEFCC21C7}.Release|Any CPU.ActiveCfg = Release|Any CPU
		{18439878-A7FA-41ED-B045-ADFEEFCC21C7}.Release|Any CPU.Build.0 = Release|Any CPU
	EndGlobalSection
	GlobalSection(SolutionProperties) = preSolution
		HideSolutionNode = FALSE
	EndGlobalSection
	GlobalSection(ExtensibilityGlobals) = postSolution
		SolutionGuid = {F12DC2AD-B39E-4B25-8880-28FC9CEB85B3}
	EndGlobalSection
EndGlobal
